// !$*UTF8*$!
{
	archiveVersion = 1;
	classes = {
	};
	objectVersion = 46;
	objects = {

/* Begin PBXBuildFile section */
		821A6AEB1BCC30FE00B3A2AA /* AppDelegate.swift in Sources */ = {isa = PBXBuildFile; fileRef = 821A6AEA1BCC30FE00B3A2AA /* AppDelegate.swift */; };
		821A6AED1BCC30FE00B3A2AA /* ViewController.swift in Sources */ = {isa = PBXBuildFile; fileRef = 821A6AEC1BCC30FE00B3A2AA /* ViewController.swift */; };
		821A6AF01BCC30FE00B3A2AA /* Main.storyboard in Resources */ = {isa = PBXBuildFile; fileRef = 821A6AEE1BCC30FE00B3A2AA /* Main.storyboard */; };
		821A6AF21BCC30FE00B3A2AA /* Assets.xcassets in Resources */ = {isa = PBXBuildFile; fileRef = 821A6AF11BCC30FE00B3A2AA /* Assets.xcassets */; };
		821A6AF51BCC30FE00B3A2AA /* LaunchScreen.storyboard in Resources */ = {isa = PBXBuildFile; fileRef = 821A6AF31BCC30FE00B3A2AA /* LaunchScreen.storyboard */; };
/* End PBXBuildFile section */

/* Begin PBXFileReference section */
		821A6AE71BCC30FE00B3A2AA /* timer.app */ = {isa = PBXFileReference; explicitFileType = wrapper.application; includeInIndex = 0; path = timer.app; sourceTree = BUILT_PRODUCTS_DIR; };
		821A6AEA1BCC30FE00B3A2AA /* AppDelegate.swift */ = {isa = PBXFileReference; lastKnownFileType = sourcecode.swift; path = AppDelegate.swift; sourceTree = "<group>"; };
		821A6AEC1BCC30FE00B3A2AA /* ViewController.swift */ = {isa = PBXFileReference; lastKnownFileType = sourcecode.swift; path = ViewController.swift; sourceTree = "<group>"; };
		821A6AEF1BCC30FE00B3A2AA /* Base */ = {isa = PBXFileReference; lastKnownFileType = file.storyboard; name = Base; path = Base.lproj/Main.storyboard; sourceTree = "<group>"; };
		821A6AF11BCC30FE00B3A2AA /* Assets.xcassets */ = {isa = PBXFileReference; lastKnownFileType = folder.assetcatalog; path = Assets.xcassets; sourceTree = "<group>"; };
		821A6AF41BCC30FE00B3A2AA /* Base */ = {isa = PBXFileReference; lastKnownFileType = file.storyboard; name = Base; path = Base.lproj/LaunchScreen.storyboard; sourceTree = "<group>"; };
		821A6AF61BCC30FE00B3A2AA /* Info.plist */ = {isa = PBXFileReference; lastKnownFileType = text.plist.xml; path = Info.plist; sourceTree = "<group>"; };
/* End PBXFileReference section */

/* Begin PBXFrameworksBuildPhase section */
		821A6AE41BCC30FE00B3A2AA /* Frameworks */ = {
			isa = PBXFrameworksBuildPhase;
			buildActionMask = 2147483647;
			files = (
			);
			runOnlyForDeploymentPostprocessing = 0;
		};
/* End PBXFrameworksBuildPhase section */

/* Begin PBXGroup section */
		821A6ADE1BCC30FE00B3A2AA = {
			isa = PBXGroup;
			children = (
				821A6AE91BCC30FE00B3A2AA /* timer */,
				821A6AE81BCC30FE00B3A2AA /* Products */,
			);
			sourceTree = "<group>";
		};
		821A6AE81BCC30FE00B3A2AA /* Products */ = {
			isa = PBXGroup;
			children = (
				821A6AE71BCC30FE00B3A2AA /* timer.app */,
			);
			name = Products;
			sourceTree = "<group>";
		};
		821A6AE91BCC30FE00B3A2AA /* timer */ = {
			isa = PBXGroup;
			children = (
				821A6AEA1BCC30FE00B3A2AA /* AppDelegate.swift */,
				821A6AEC1BCC30FE00B3A2AA /* ViewController.swift */,
				821A6AEE1BCC30FE00B3A2AA /* Main.storyboard */,
				821A6AF11BCC30FE00B3A2AA /* Assets.xcassets */,
				821A6AF31BCC30FE00B3A2AA /* LaunchScreen.storyboard */,
				821A6AF61BCC30FE00B3A2AA /* Info.plist */,
			);
			path = timer;
			sourceTree = "<group>";
		};
/* End PBXGroup section */

/* Begin PBXNativeTarget section */
		821A6AE61BCC30FE00B3A2AA /* timer */ = {
			isa = PBXNativeTarget;
			buildConfigurationList = 821A6AF91BCC30FE00B3A2AA /* Build configuration list for PBXNativeTarget "timer" */;
			buildPhases = (
				821A6AE31BCC30FE00B3A2AA /* Sources */,
				821A6AE41BCC30FE00B3A2AA /* Frameworks */,
				821A6AE51BCC30FE00B3A2AA /* Resources */,
			);
			buildRules = (
			);
			dependencies = (
			);
			name = timer;
			productName = timer;
			productReference = 821A6AE71BCC30FE00B3A2AA /* timer.app */;
			productType = "com.apple.product-type.application";
		};
/* End PBXNativeTarget section */

/* Begin PBXProject section */
		821A6ADF1BCC30FE00B3A2AA /* Project object */ = {
			isa = PBXProject;
			attributes = {
				LastUpgradeCheck = 0700;
				ORGANIZATIONNAME = "Susanne Kasahara";
				TargetAttributes = {
					821A6AE61BCC30FE00B3A2AA = {
						CreatedOnToolsVersion = 7.0;
						DevelopmentTeam = B547GELX38;
					};
				};
			};
			buildConfigurationList = 821A6AE21BCC30FE00B3A2AA /* Build configuration list for PBXProject "timer" */;
			compatibilityVersion = "Xcode 3.2";
			developmentRegion = English;
			hasScannedForEncodings = 0;
			knownRegions = (
				en,
				Base,
			);
			mainGroup = 821A6ADE1BCC30FE00B3A2AA;
			productRefGroup = 821A6AE81BCC30FE00B3A2AA /* Products */;
			projectDirPath = "";
			projectRoot = "";
			targets = (
				821A6AE61BCC30FE00B3A2AA /* timer */,
			);
		};
/* End PBXProject section */

/* Begin PBXResourcesBuildPhase section */
		821A6AE51BCC30FE00B3A2AA /* Resources */ = {
			isa = PBXResourcesBuildPhase;
			buildActionMask = 2147483647;
			files = (
				821A6AF51BCC30FE00B3A2AA /* LaunchScreen.storyboard in Resources */,
				821A6AF21BCC30FE00B3A2AA /* Assets.xcassets in Resources */,
				821A6AF01BCC30FE00B3A2AA /* Main.storyboard in Resources */,
			);
			runOnlyForDeploymentPostprocessing = 0;
		};
/* End PBXResourcesBuildPhase section */

/* Begin PBXSourcesBuildPhase section */
		821A6AE31BCC30FE00B3A2AA /* Sources */ = {
			isa = PBXSourcesBuildPhase;
			buildActionMask = 2147483647;
			files = (
				821A6AED1BCC30FE00B3A2AA /* ViewController.swift in Sources */,
				821A6AEB1BCC30FE00B3A2AA /* AppDelegate.swift in Sources */,
			);
			runOnlyForDeploymentPostprocessing = 0;
		};
/* End PBXSourcesBuildPhase section */

/* Begin PBXVariantGroup section */
		821A6AEE1BCC30FE00B3A2AA /* Main.storyboard */ = {
			isa = PBXVariantGroup;
			children = (
				821A6AEF1BCC30FE00B3A2AA /* Base */,
			);
			name = Main.storyboard;
			sourceTree = "<group>";
		};
		821A6AF31BCC30FE00B3A2AA /* LaunchScreen.storyboard */ = {
			isa = PBXVariantGroup;
			children = (
				821A6AF41BCC30FE00B3A2AA /* Base */,
			);
			name = LaunchScreen.storyboard;
			sourceTree = "<group>";
		};
/* End PBXVariantGroup section */

/* Begin XCBuildConfiguration section */
		821A6AF71BCC30FE00B3A2AA /* Debug */ = {
			isa = XCBuildConfiguration;
			buildSettings = {
				ALWAYS_SEARCH_USER_PATHS = NO;
				CLANG_CXX_LANGUAGE_STANDARD = "gnu++0x";
				CLANG_CXX_LIBRARY = "libc++";
				CLANG_ENABLE_MODULES = YES;
				CLANG_ENABLE_OBJC_ARC = YES;
				CLANG_WARN_BOOL_CONVERSION = YES;
				CLANG_WARN_CONSTANT_CONVERSION = YES;
				CLANG_WARN_DIRECT_OBJC_ISA_USAGE = YES_ERROR;
				CLANG_WARN_EMPTY_BODY = YES;
				CLANG_WARN_ENUM_CONVERSION = YES;
				CLANG_WARN_INT_CONVERSION = YES;
				CLANG_WARN_OBJC_ROOT_CLASS = YES_ERROR;
				CLANG_WARN_UNREACHABLE_CODE = YES;
				CLANG_WARN__DUPLICATE_METHOD_MATCH = YES;
				"CODE_SIGN_IDENTITY[sdk=iphoneos*]" = "iPhone Developer";
				COPY_PHASE_STRIP = NO;
				DEBUG_INFORMATION_FORMAT = dwarf;
				ENABLE_STRICT_OBJC_MSGSEND = YES;
				ENABLE_TESTABILITY = YES;
				GCC_C_LANGUAGE_STANDARD = gnu99;
				GCC_DYNAMIC_NO_PIC = NO;
				GCC_NO_COMMON_BLOCKS = YES;
				GCC_OPTIMIZATION_LEVEL = 0;
				GCC_PREPROCESSOR_DEFINITIONS = (
					"DEBUG=1",
					"$(inherited)",
				);
				GCC_WARN_64_TO_32_BIT_CONVERSION = YES;
				GCC_WARN_ABOUT_RETURN_TYPE = YES_ERROR;
				GCC_WARN_UNDECLARED_SELECTOR = YES;
				GCC_WARN_UNINITIALIZED_AUTOS = YES_AGGRESSIVE;
				GCC_WARN_UNUSED_FUNCTION = YES;
				GCC_WARN_UNUSED_VARIABLE = YES;
				IPHONEOS_DEPLOYMENT_TARGET = 9.0;
				MTL_ENABLE_DEBUG_INFO = YES;
				ONLY_ACTIVE_ARCH = YES;
				SDKROOT = iphoneos;
				SWIFT_OPTIMIZATION_LEVEL = "-Onone";
			};
			name = Debug;
		};
		821A6AF81BCC30FE00B3A2AA /* Release */ = {
			isa = XCBuildConfiguration;
			buildSettings = {
				ALWAYS_SEARCH_USER_PATHS = NO;
				CLANG_CXX_LANGUAGE_STANDARD = "gnu++0x";
				CLANG_CXX_LIBRARY = "libc++";
				CLANG_ENABLE_MODULES = YES;
				CLANG_ENABLE_OBJC_ARC = YES;
				CLANG_WARN_BOOL_CONVERSION = YES;
				CLANG_WARN_CONSTANT_CONVERSION = YES;
				CLANG_WARN_DIRECT_OBJC_ISA_USAGE = YES_ERROR;
				CLANG_WARN_EMPTY_BODY = YES;
				CLANG_WARN_ENUM_CONVERSION = YES;
				CLANG_WARN_INT_CONVERSION = YES;
				CLANG_WARN_OBJC_ROOT_CLASS = YES_ERROR;
				CLANG_WARN_UNREACHABLE_CODE = YES;
				CLANG_WARN__DUPLICATE_METHOD_MATCH = YES;
				"CODE_SIGN_IDENTITY[sdk=iphoneos*]" = "iPhone Developer";
				COPY_PHASE_STRIP = NO;
				DEBUG_INFORMATION_FORMAT = "dwarf-with-dsym";
				ENABLE_NS_ASSERTIONS = NO;
				ENABLE_STRICT_OBJC_MSGSEND = YES;
				GCC_C_LANGUAGE_STANDARD = gnu99;
				GCC_NO_COMMON_BLOCKS = YES;
				GCC_WARN_64_TO_32_BIT_CONVERSION = YES;
				GCC_WARN_ABOUT_RETURN_TYPE = YES_ERROR;
				GCC_WARN_UNDECLARED_SELECTOR = YES;
				GCC_WARN_UNINITIALIZED_AUTOS = YES_AGGRESSIVE;
				GCC_WARN_UNUSED_FUNCTION = YES;
				GCC_WARN_UNUSED_VARIABLE = YES;
				IPHONEOS_DEPLOYMENT_TARGET = 9.0;
				MTL_ENABLE_DEBUG_INFO = NO;
				SDKROOT = iphoneos;
				VALIDATE_PRODUCT = YES;
			};
			name = Release;
		};
		821A6AFA1BCC30FE00B3A2AA /* Debug */ = {
			isa = XCBuildConfiguration;
			buildSettings = {
				ASSETCATALOG_COMPILER_APPICON_NAME = AppIcon;
				INFOPLIST_FILE = timer/Info.plist;
				LD_RUNPATH_SEARCH_PATHS = "$(inherited) @executable_path/Frameworks";
				PRODUCT_BUNDLE_IDENTIFIER = com.sk.timer;
				PRODUCT_NAME = "$(TARGET_NAME)";
			};
			name = Debug;
		};
		821A6AFB1BCC30FE00B3A2AA /* Release */ = {
			isa = XCBuildConfiguration;
			buildSettings = {
				ASSETCATALOG_COMPILER_APPICON_NAME = AppIcon;
				INFOPLIST_FILE = timer/Info.plist;
				LD_RUNPATH_SEARCH_PATHS = "$(inherited) @executable_path/Frameworks";
				PRODUCT_BUNDLE_IDENTIFIER = com.sk.timer;
				PRODUCT_NAME = "$(TARGET_NAME)";
			};
			name = Release;
		};
/* End XCBuildConfiguration section */

/* Begin XCConfigurationList section */
		821A6AE21BCC30FE00B3A2AA /* Build configuration list for PBXProject "timer" */ = {
			isa = XCConfigurationList;
			buildConfigurations = (
				821A6AF71BCC30FE00B3A2AA /* Debug */,
				821A6AF81BCC30FE00B3A2AA /* Release */,
			);
			defaultConfigurationIsVisible = 0;
			defaultConfigurationName = Release;
		};
		821A6AF91BCC30FE00B3A2AA /* Build configuration list for PBXNativeTarget "timer" */ = {
			isa = XCConfigurationList;
			buildConfigurations = (
				821A6AFA1BCC30FE00B3A2AA /* Debug */,
				821A6AFB1BCC30FE00B3A2AA /* Release */,
			);
			defaultConfigurationIsVisible = 0;
		};
/* End XCConfigurationList section */
	};
	rootObject = 821A6ADF1BCC30FE00B3A2AA /* Project object */;
}
