// !$*UTF8*$!
{
	archiveVersion = 1;
	classes = {
	};
	objectVersion = 46;
	objects = {

/* Begin PBXBuildFile section */
		821A6AAA1BCBFAB300B3A2AA /* AppDelegate.swift in Sources */ = {isa = PBXBuildFile; fileRef = 821A6AA91BCBFAB300B3A2AA /* AppDelegate.swift */; };
		821A6AAC1BCBFAB300B3A2AA /* ViewController.swift in Sources */ = {isa = PBXBuildFile; fileRef = 821A6AAB1BCBFAB300B3A2AA /* ViewController.swift */; };
		821A6AAF1BCBFAB300B3A2AA /* Main.storyboard in Resources */ = {isa = PBXBuildFile; fileRef = 821A6AAD1BCBFAB300B3A2AA /* Main.storyboard */; };
		821A6AB11BCBFAB300B3A2AA /* Assets.xcassets in Resources */ = {isa = PBXBuildFile; fileRef = 821A6AB01BCBFAB300B3A2AA /* Assets.xcassets */; };
		821A6AB41BCBFAB300B3A2AA /* LaunchScreen.storyboard in Resources */ = {isa = PBXBuildFile; fileRef = 821A6AB21BCBFAB300B3A2AA /* LaunchScreen.storyboard */; };
		821A6ABE1BCBFC5D00B3A2AA /* Fabric.framework in Frameworks */ = {isa = PBXBuildFile; fileRef = 821A6ABC1BCBFC5D00B3A2AA /* Fabric.framework */; settings = {ASSET_TAGS = (); }; };
		821A6ABF1BCBFC5E00B3A2AA /* Crashlytics.framework in Frameworks */ = {isa = PBXBuildFile; fileRef = 821A6ABD1BCBFC5D00B3A2AA /* Crashlytics.framework */; settings = {ASSET_TAGS = (); }; };
/* End PBXBuildFile section */

/* Begin PBXFileReference section */
		821A6AA61BCBFAB300B3A2AA /* helloCrash.app */ = {isa = PBXFileReference; explicitFileType = wrapper.application; includeInIndex = 0; path = helloCrash.app; sourceTree = BUILT_PRODUCTS_DIR; };
		821A6AA91BCBFAB300B3A2AA /* AppDelegate.swift */ = {isa = PBXFileReference; lastKnownFileType = sourcecode.swift; path = AppDelegate.swift; sourceTree = "<group>"; };
		821A6AAB1BCBFAB300B3A2AA /* ViewController.swift */ = {isa = PBXFileReference; lastKnownFileType = sourcecode.swift; path = ViewController.swift; sourceTree = "<group>"; };
		821A6AAE1BCBFAB300B3A2AA /* Base */ = {isa = PBXFileReference; lastKnownFileType = file.storyboard; name = Base; path = Base.lproj/Main.storyboard; sourceTree = "<group>"; };
		821A6AB01BCBFAB300B3A2AA /* Assets.xcassets */ = {isa = PBXFileReference; lastKnownFileType = folder.assetcatalog; path = Assets.xcassets; sourceTree = "<group>"; };
		821A6AB31BCBFAB300B3A2AA /* Base */ = {isa = PBXFileReference; lastKnownFileType = file.storyboard; name = Base; path = Base.lproj/LaunchScreen.storyboard; sourceTree = "<group>"; };
		821A6AB51BCBFAB300B3A2AA /* Info.plist */ = {isa = PBXFileReference; lastKnownFileType = text.plist.xml; path = Info.plist; sourceTree = "<group>"; };
		821A6ABC1BCBFC5D00B3A2AA /* Fabric.framework */ = {isa = PBXFileReference; lastKnownFileType = wrapper.framework; path = Fabric.framework; sourceTree = "<group>"; };
		821A6ABD1BCBFC5D00B3A2AA /* Crashlytics.framework */ = {isa = PBXFileReference; lastKnownFileType = wrapper.framework; path = Crashlytics.framework; sourceTree = "<group>"; };
/* End PBXFileReference section */

/* Begin PBXFrameworksBuildPhase section */
		821A6AA31BCBFAB300B3A2AA /* Frameworks */ = {
			isa = PBXFrameworksBuildPhase;
			buildActionMask = 2147483647;
			files = (
				821A6ABF1BCBFC5E00B3A2AA /* Crashlytics.framework in Frameworks */,
				821A6ABE1BCBFC5D00B3A2AA /* Fabric.framework in Frameworks */,
			);
			runOnlyForDeploymentPostprocessing = 0;
		};
/* End PBXFrameworksBuildPhase section */

/* Begin PBXGroup section */
		821A6A9D1BCBFAB300B3A2AA = {
			isa = PBXGroup;
			children = (
				821A6AA81BCBFAB300B3A2AA /* helloCrash */,
				821A6AA71BCBFAB300B3A2AA /* Products */,
				821A6ABC1BCBFC5D00B3A2AA /* Fabric.framework */,
				821A6ABD1BCBFC5D00B3A2AA /* Crashlytics.framework */,
			);
			sourceTree = "<group>";
		};
		821A6AA71BCBFAB300B3A2AA /* Products */ = {
			isa = PBXGroup;
			children = (
				821A6AA61BCBFAB300B3A2AA /* helloCrash.app */,
			);
			name = Products;
			sourceTree = "<group>";
		};
		821A6AA81BCBFAB300B3A2AA /* helloCrash */ = {
			isa = PBXGroup;
			children = (
				821A6AA91BCBFAB300B3A2AA /* AppDelegate.swift */,
				821A6AAB1BCBFAB300B3A2AA /* ViewController.swift */,
				821A6AAD1BCBFAB300B3A2AA /* Main.storyboard */,
				821A6AB01BCBFAB300B3A2AA /* Assets.xcassets */,
				821A6AB21BCBFAB300B3A2AA /* LaunchScreen.storyboard */,
				821A6AB51BCBFAB300B3A2AA /* Info.plist */,
			);
			path = helloCrash;
			sourceTree = "<group>";
		};
/* End PBXGroup section */

/* Begin PBXNativeTarget section */
		821A6AA51BCBFAB300B3A2AA /* helloCrash */ = {
			isa = PBXNativeTarget;
			buildConfigurationList = 821A6AB81BCBFAB300B3A2AA /* Build configuration list for PBXNativeTarget "helloCrash" */;
			buildPhases = (
				821A6AA21BCBFAB300B3A2AA /* Sources */,
				821A6AA31BCBFAB300B3A2AA /* Frameworks */,
				821A6AA41BCBFAB300B3A2AA /* Resources */,
				821A6ABB1BCBFB4A00B3A2AA /* ShellScript */,
			);
			buildRules = (
			);
			dependencies = (
			);
			name = helloCrash;
			productName = helloCrash;
			productReference = 821A6AA61BCBFAB300B3A2AA /* helloCrash.app */;
			productType = "com.apple.product-type.application";
		};
/* End PBXNativeTarget section */

/* Begin PBXProject section */
		821A6A9E1BCBFAB300B3A2AA /* Project object */ = {
			isa = PBXProject;
			attributes = {
				LastUpgradeCheck = 0700;
				ORGANIZATIONNAME = "Susanne Kasahara";
				TargetAttributes = {
					821A6AA51BCBFAB300B3A2AA = {
						CreatedOnToolsVersion = 7.0;
						DevelopmentTeam = B547GELX38;
					};
				};
			};
			buildConfigurationList = 821A6AA11BCBFAB300B3A2AA /* Build configuration list for PBXProject "helloCrash" */;
			compatibilityVersion = "Xcode 3.2";
			developmentRegion = English;
			hasScannedForEncodings = 0;
			knownRegions = (
				en,
				Base,
			);
			mainGroup = 821A6A9D1BCBFAB300B3A2AA;
			productRefGroup = 821A6AA71BCBFAB300B3A2AA /* Products */;
			projectDirPath = "";
			projectRoot = "";
			targets = (
				821A6AA51BCBFAB300B3A2AA /* helloCrash */,
			);
		};
/* End PBXProject section */

/* Begin PBXResourcesBuildPhase section */
		821A6AA41BCBFAB300B3A2AA /* Resources */ = {
			isa = PBXResourcesBuildPhase;
			buildActionMask = 2147483647;
			files = (
				821A6AB41BCBFAB300B3A2AA /* LaunchScreen.storyboard in Resources */,
				821A6AB11BCBFAB300B3A2AA /* Assets.xcassets in Resources */,
				821A6AAF1BCBFAB300B3A2AA /* Main.storyboard in Resources */,
			);
			runOnlyForDeploymentPostprocessing = 0;
		};
/* End PBXResourcesBuildPhase section */

/* Begin PBXShellScriptBuildPhase section */
		821A6ABB1BCBFB4A00B3A2AA /* ShellScript */ = {
			isa = PBXShellScriptBuildPhase;
			buildActionMask = 2147483647;
			files = (
			);
			inputPaths = (
			);
			outputPaths = (
			);
			runOnlyForDeploymentPostprocessing = 0;
			shellPath = /bin/sh;
			shellScript = "./Fabric.framework/run f9f35aa93e9efb740764aa2f51c46b97df74366f e2495d69006f0f204f22e33c1ee844eaaf8b5e0c5cb9d3a06c79989a0a7faea0\n";
		};
/* End PBXShellScriptBuildPhase section */

/* Begin PBXSourcesBuildPhase section */
		821A6AA21BCBFAB300B3A2AA /* Sources */ = {
			isa = PBXSourcesBuildPhase;
			buildActionMask = 2147483647;
			files = (
				821A6AAC1BCBFAB300B3A2AA /* ViewController.swift in Sources */,
				821A6AAA1BCBFAB300B3A2AA /* AppDelegate.swift in Sources */,
			);
			runOnlyForDeploymentPostprocessing = 0;
		};
/* End PBXSourcesBuildPhase section */

/* Begin PBXVariantGroup section */
		821A6AAD1BCBFAB300B3A2AA /* Main.storyboard */ = {
			isa = PBXVariantGroup;
			children = (
				821A6AAE1BCBFAB300B3A2AA /* Base */,
			);
			name = Main.storyboard;
			sourceTree = "<group>";
		};
		821A6AB21BCBFAB300B3A2AA /* LaunchScreen.storyboard */ = {
			isa = PBXVariantGroup;
			children = (
				821A6AB31BCBFAB300B3A2AA /* Base */,
			);
			name = LaunchScreen.storyboard;
			sourceTree = "<group>";
		};
/* End PBXVariantGroup section */

/* Begin XCBuildConfiguration section */
		821A6AB61BCBFAB300B3A2AA /* Debug */ = {
			isa = XCBuildConfiguration;
			buildSettings = {
				ALWAYS_SEARCH_USER_PATHS = NO;
				CLANG_CXX_LANGUAGE_STANDARD = "gnu++0x";
				CLANG_CXX_LIBRARY = "libc++";
				CLANG_ENABLE_MODULES = YES;
				CLANG_ENABLE_OBJC_ARC = YES;
				CLANG_WARN_BOOL_CONVERSION = YES;
				CLANG_WARN_CONSTANT_CONVERSION = YES;
				CLANG_WARN_DIRECT_OBJC_ISA_USAGE = YES_ERROR;
				CLANG_WARN_EMPTY_BODY = YES;
				CLANG_WARN_ENUM_CONVERSION = YES;
				CLANG_WARN_INT_CONVERSION = YES;
				CLANG_WARN_OBJC_ROOT_CLASS = YES_ERROR;
				CLANG_WARN_UNREACHABLE_CODE = YES;
				CLANG_WARN__DUPLICATE_METHOD_MATCH = YES;
				"CODE_SIGN_IDENTITY[sdk=iphoneos*]" = "iPhone Developer";
				COPY_PHASE_STRIP = NO;
				DEBUG_INFORMATION_FORMAT = dwarf;
				ENABLE_STRICT_OBJC_MSGSEND = YES;
				ENABLE_TESTABILITY = YES;
				GCC_C_LANGUAGE_STANDARD = gnu99;
				GCC_DYNAMIC_NO_PIC = NO;
				GCC_NO_COMMON_BLOCKS = YES;
				GCC_OPTIMIZATION_LEVEL = 0;
				GCC_PREPROCESSOR_DEFINITIONS = (
					"DEBUG=1",
					"$(inherited)",
				);
				GCC_WARN_64_TO_32_BIT_CONVERSION = YES;
				GCC_WARN_ABOUT_RETURN_TYPE = YES_ERROR;
				GCC_WARN_UNDECLARED_SELECTOR = YES;
				GCC_WARN_UNINITIALIZED_AUTOS = YES_AGGRESSIVE;
				GCC_WARN_UNUSED_FUNCTION = YES;
				GCC_WARN_UNUSED_VARIABLE = YES;
				IPHONEOS_DEPLOYMENT_TARGET = 9.0;
				MTL_ENABLE_DEBUG_INFO = YES;
				ONLY_ACTIVE_ARCH = YES;
				SDKROOT = iphoneos;
				SWIFT_OPTIMIZATION_LEVEL = "-Onone";
			};
			name = Debug;
		};
		821A6AB71BCBFAB300B3A2AA /* Release */ = {
			isa = XCBuildConfiguration;
			buildSettings = {
				ALWAYS_SEARCH_USER_PATHS = NO;
				CLANG_CXX_LANGUAGE_STANDARD = "gnu++0x";
				CLANG_CXX_LIBRARY = "libc++";
				CLANG_ENABLE_MODULES = YES;
				CLANG_ENABLE_OBJC_ARC = YES;
				CLANG_WARN_BOOL_CONVERSION = YES;
				CLANG_WARN_CONSTANT_CONVERSION = YES;
				CLANG_WARN_DIRECT_OBJC_ISA_USAGE = YES_ERROR;
				CLANG_WARN_EMPTY_BODY = YES;
				CLANG_WARN_ENUM_CONVERSION = YES;
				CLANG_WARN_INT_CONVERSION = YES;
				CLANG_WARN_OBJC_ROOT_CLASS = YES_ERROR;
				CLANG_WARN_UNREACHABLE_CODE = YES;
				CLANG_WARN__DUPLICATE_METHOD_MATCH = YES;
				"CODE_SIGN_IDENTITY[sdk=iphoneos*]" = "iPhone Developer";
				COPY_PHASE_STRIP = NO;
				DEBUG_INFORMATION_FORMAT = "dwarf-with-dsym";
				ENABLE_NS_ASSERTIONS = NO;
				ENABLE_STRICT_OBJC_MSGSEND = YES;
				GCC_C_LANGUAGE_STANDARD = gnu99;
				GCC_NO_COMMON_BLOCKS = YES;
				GCC_WARN_64_TO_32_BIT_CONVERSION = YES;
				GCC_WARN_ABOUT_RETURN_TYPE = YES_ERROR;
				GCC_WARN_UNDECLARED_SELECTOR = YES;
				GCC_WARN_UNINITIALIZED_AUTOS = YES_AGGRESSIVE;
				GCC_WARN_UNUSED_FUNCTION = YES;
				GCC_WARN_UNUSED_VARIABLE = YES;
				IPHONEOS_DEPLOYMENT_TARGET = 9.0;
				MTL_ENABLE_DEBUG_INFO = NO;
				SDKROOT = iphoneos;
				VALIDATE_PRODUCT = YES;
			};
			name = Release;
		};
		821A6AB91BCBFAB300B3A2AA /* Debug */ = {
			isa = XCBuildConfiguration;
			buildSettings = {
				ASSETCATALOG_COMPILER_APPICON_NAME = AppIcon;
				DEBUG_INFORMATION_FORMAT = "dwarf-with-dsym";
				FRAMEWORK_SEARCH_PATHS = (
					"$(inherited)",
					"$(PROJECT_DIR)",
				);
				INFOPLIST_FILE = helloCrash/Info.plist;
				LD_RUNPATH_SEARCH_PATHS = "$(inherited) @executable_path/Frameworks";
				PRODUCT_BUNDLE_IDENTIFIER = com.sk.helloCrash;
				PRODUCT_NAME = "$(TARGET_NAME)";
			};
			name = Debug;
		};
		821A6ABA1BCBFAB300B3A2AA /* Release */ = {
			isa = XCBuildConfiguration;
			buildSettings = {
				ASSETCATALOG_COMPILER_APPICON_NAME = AppIcon;
				FRAMEWORK_SEARCH_PATHS = (
					"$(inherited)",
					"$(PROJECT_DIR)",
				);
				INFOPLIST_FILE = helloCrash/Info.plist;
				LD_RUNPATH_SEARCH_PATHS = "$(inherited) @executable_path/Frameworks";
				PRODUCT_BUNDLE_IDENTIFIER = com.sk.helloCrash;
				PRODUCT_NAME = "$(TARGET_NAME)";
			};
			name = Release;
		};
/* End XCBuildConfiguration section */

/* Begin XCConfigurationList section */
		821A6AA11BCBFAB300B3A2AA /* Build configuration list for PBXProject "helloCrash" */ = {
			isa = XCConfigurationList;
			buildConfigurations = (
				821A6AB61BCBFAB300B3A2AA /* Debug */,
				821A6AB71BCBFAB300B3A2AA /* Release */,
			);
			defaultConfigurationIsVisible = 0;
			defaultConfigurationName = Release;
		};
		821A6AB81BCBFAB300B3A2AA /* Build configuration list for PBXNativeTarget "helloCrash" */ = {
			isa = XCConfigurationList;
			buildConfigurations = (
				821A6AB91BCBFAB300B3A2AA /* Debug */,
				821A6ABA1BCBFAB300B3A2AA /* Release */,
			);
			defaultConfigurationIsVisible = 0;
		};
/* End XCConfigurationList section */
	};
	rootObject = 821A6A9E1BCBFAB300B3A2AA /* Project object */;
}
