// !$*UTF8*$!
{
	archiveVersion = 1;
	classes = {
	};
	objectVersion = 46;
	objects = {

/* Begin PBXBuildFile section */
		821A6A8A1BCBEFA800B3A2AA /* AppDelegate.swift in Sources */ = {isa = PBXBuildFile; fileRef = 821A6A891BCBEFA800B3A2AA /* AppDelegate.swift */; };
		821A6A8C1BCBEFA800B3A2AA /* ViewController.swift in Sources */ = {isa = PBXBuildFile; fileRef = 821A6A8B1BCBEFA800B3A2AA /* ViewController.swift */; };
		821A6A8F1BCBEFA800B3A2AA /* Main.storyboard in Resources */ = {isa = PBXBuildFile; fileRef = 821A6A8D1BCBEFA800B3A2AA /* Main.storyboard */; };
		821A6A911BCBEFA800B3A2AA /* Assets.xcassets in Resources */ = {isa = PBXBuildFile; fileRef = 821A6A901BCBEFA800B3A2AA /* Assets.xcassets */; };
		821A6A941BCBEFA800B3A2AA /* LaunchScreen.storyboard in Resources */ = {isa = PBXBuildFile; fileRef = 821A6A921BCBEFA800B3A2AA /* LaunchScreen.storyboard */; };
		8D7E88E22C655652DA28B150 /* Pods_cocoaPods.framework in Frameworks */ = {isa = PBXBuildFile; fileRef = 703EB447FFF397664FCFD2C6 /* Pods_cocoaPods.framework */; };
/* End PBXBuildFile section */

/* Begin PBXFileReference section */
		35E97DF2A6B38168F8255A6B /* Pods-cocoaPods.debug.xcconfig */ = {isa = PBXFileReference; includeInIndex = 1; lastKnownFileType = text.xcconfig; name = "Pods-cocoaPods.debug.xcconfig"; path = "Pods/Target Support Files/Pods-cocoaPods/Pods-cocoaPods.debug.xcconfig"; sourceTree = "<group>"; };
		703EB447FFF397664FCFD2C6 /* Pods_cocoaPods.framework */ = {isa = PBXFileReference; explicitFileType = wrapper.framework; includeInIndex = 0; path = Pods_cocoaPods.framework; sourceTree = BUILT_PRODUCTS_DIR; };
		821A6A861BCBEFA800B3A2AA /* cocoaPods.app */ = {isa = PBXFileReference; explicitFileType = wrapper.application; includeInIndex = 0; path = cocoaPods.app; sourceTree = BUILT_PRODUCTS_DIR; };
		821A6A891BCBEFA800B3A2AA /* AppDelegate.swift */ = {isa = PBXFileReference; lastKnownFileType = sourcecode.swift; path = AppDelegate.swift; sourceTree = "<group>"; };
		821A6A8B1BCBEFA800B3A2AA /* ViewController.swift */ = {isa = PBXFileReference; lastKnownFileType = sourcecode.swift; path = ViewController.swift; sourceTree = "<group>"; };
		821A6A8E1BCBEFA800B3A2AA /* Base */ = {isa = PBXFileReference; lastKnownFileType = file.storyboard; name = Base; path = Base.lproj/Main.storyboard; sourceTree = "<group>"; };
		821A6A901BCBEFA800B3A2AA /* Assets.xcassets */ = {isa = PBXFileReference; lastKnownFileType = folder.assetcatalog; path = Assets.xcassets; sourceTree = "<group>"; };
		821A6A931BCBEFA800B3A2AA /* Base */ = {isa = PBXFileReference; lastKnownFileType = file.storyboard; name = Base; path = Base.lproj/LaunchScreen.storyboard; sourceTree = "<group>"; };
		821A6A951BCBEFA800B3A2AA /* Info.plist */ = {isa = PBXFileReference; lastKnownFileType = text.plist.xml; path = Info.plist; sourceTree = "<group>"; };
		821A6A9B1BCBF01400B3A2AA /* Podfile */ = {isa = PBXFileReference; fileEncoding = 4; lastKnownFileType = text; name = Podfile; path = ../Podfile; sourceTree = "<group>"; };
		FEE38CA7F55241669F4A1326 /* Pods-cocoaPods.release.xcconfig */ = {isa = PBXFileReference; includeInIndex = 1; lastKnownFileType = text.xcconfig; name = "Pods-cocoaPods.release.xcconfig"; path = "Pods/Target Support Files/Pods-cocoaPods/Pods-cocoaPods.release.xcconfig"; sourceTree = "<group>"; };
/* End PBXFileReference section */

/* Begin PBXFrameworksBuildPhase section */
		821A6A831BCBEFA800B3A2AA /* Frameworks */ = {
			isa = PBXFrameworksBuildPhase;
			buildActionMask = 2147483647;
			files = (
				8D7E88E22C655652DA28B150 /* Pods_cocoaPods.framework in Frameworks */,
			);
			runOnlyForDeploymentPostprocessing = 0;
		};
/* End PBXFrameworksBuildPhase section */

/* Begin PBXGroup section */
		518353766F1A6601D538D9D6 /* Frameworks */ = {
			isa = PBXGroup;
			children = (
				703EB447FFF397664FCFD2C6 /* Pods_cocoaPods.framework */,
			);
			name = Frameworks;
			sourceTree = "<group>";
		};
		812D702425CA7C8436C6397F /* Pods */ = {
			isa = PBXGroup;
			children = (
				35E97DF2A6B38168F8255A6B /* Pods-cocoaPods.debug.xcconfig */,
				FEE38CA7F55241669F4A1326 /* Pods-cocoaPods.release.xcconfig */,
			);
			name = Pods;
			sourceTree = "<group>";
		};
		821A6A7D1BCBEFA800B3A2AA = {
			isa = PBXGroup;
			children = (
				821A6A881BCBEFA800B3A2AA /* cocoaPods */,
				821A6A871BCBEFA800B3A2AA /* Products */,
				812D702425CA7C8436C6397F /* Pods */,
				518353766F1A6601D538D9D6 /* Frameworks */,
			);
			sourceTree = "<group>";
		};
		821A6A871BCBEFA800B3A2AA /* Products */ = {
			isa = PBXGroup;
			children = (
				821A6A861BCBEFA800B3A2AA /* cocoaPods.app */,
			);
			name = Products;
			sourceTree = "<group>";
		};
		821A6A881BCBEFA800B3A2AA /* cocoaPods */ = {
			isa = PBXGroup;
			children = (
				821A6A891BCBEFA800B3A2AA /* AppDelegate.swift */,
				821A6A8B1BCBEFA800B3A2AA /* ViewController.swift */,
				821A6A8D1BCBEFA800B3A2AA /* Main.storyboard */,
				821A6A901BCBEFA800B3A2AA /* Assets.xcassets */,
				821A6A921BCBEFA800B3A2AA /* LaunchScreen.storyboard */,
				821A6A951BCBEFA800B3A2AA /* Info.plist */,
				821A6A9B1BCBF01400B3A2AA /* Podfile */,
			);
			path = cocoaPods;
			sourceTree = "<group>";
		};
/* End PBXGroup section */

/* Begin PBXNativeTarget section */
		821A6A851BCBEFA800B3A2AA /* cocoaPods */ = {
			isa = PBXNativeTarget;
			buildConfigurationList = 821A6A981BCBEFA800B3A2AA /* Build configuration list for PBXNativeTarget "cocoaPods" */;
			buildPhases = (
				9616A4553CE7CC32086AD1F6 /* Check Pods Manifest.lock */,
				821A6A821BCBEFA800B3A2AA /* Sources */,
				821A6A831BCBEFA800B3A2AA /* Frameworks */,
				821A6A841BCBEFA800B3A2AA /* Resources */,
				9EF397FB2646F801E2EDC06A /* Embed Pods Frameworks */,
				58FE47BCE9FC65C3A717F613 /* Copy Pods Resources */,
			);
			buildRules = (
			);
			dependencies = (
			);
			name = cocoaPods;
			productName = cocoaPods;
			productReference = 821A6A861BCBEFA800B3A2AA /* cocoaPods.app */;
			productType = "com.apple.product-type.application";
		};
/* End PBXNativeTarget section */

/* Begin PBXProject section */
		821A6A7E1BCBEFA800B3A2AA /* Project object */ = {
			isa = PBXProject;
			attributes = {
				LastUpgradeCheck = 0700;
				ORGANIZATIONNAME = "Susanne Kasahara";
				TargetAttributes = {
					821A6A851BCBEFA800B3A2AA = {
						CreatedOnToolsVersion = 7.0;
						DevelopmentTeam = B547GELX38;
					};
				};
			};
			buildConfigurationList = 821A6A811BCBEFA800B3A2AA /* Build configuration list for PBXProject "cocoaPods" */;
			compatibilityVersion = "Xcode 3.2";
			developmentRegion = English;
			hasScannedForEncodings = 0;
			knownRegions = (
				en,
				Base,
			);
			mainGroup = 821A6A7D1BCBEFA800B3A2AA;
			productRefGroup = 821A6A871BCBEFA800B3A2AA /* Products */;
			projectDirPath = "";
			projectRoot = "";
			targets = (
				821A6A851BCBEFA800B3A2AA /* cocoaPods */,
			);
		};
/* End PBXProject section */

/* Begin PBXResourcesBuildPhase section */
		821A6A841BCBEFA800B3A2AA /* Resources */ = {
			isa = PBXResourcesBuildPhase;
			buildActionMask = 2147483647;
			files = (
				821A6A941BCBEFA800B3A2AA /* LaunchScreen.storyboard in Resources */,
				821A6A911BCBEFA800B3A2AA /* Assets.xcassets in Resources */,
				821A6A8F1BCBEFA800B3A2AA /* Main.storyboard in Resources */,
			);
			runOnlyForDeploymentPostprocessing = 0;
		};
/* End PBXResourcesBuildPhase section */

/* Begin PBXShellScriptBuildPhase section */
		58FE47BCE9FC65C3A717F613 /* Copy Pods Resources */ = {
			isa = PBXShellScriptBuildPhase;
			buildActionMask = 2147483647;
			files = (
			);
			inputPaths = (
			);
			name = "Copy Pods Resources";
			outputPaths = (
			);
			runOnlyForDeploymentPostprocessing = 0;
			shellPath = /bin/sh;
			shellScript = "\"${SRCROOT}/Pods/Target Support Files/Pods-cocoaPods/Pods-cocoaPods-resources.sh\"\n";
			showEnvVarsInLog = 0;
		};
		9616A4553CE7CC32086AD1F6 /* Check Pods Manifest.lock */ = {
			isa = PBXShellScriptBuildPhase;
			buildActionMask = 2147483647;
			files = (
			);
			inputPaths = (
			);
			name = "Check Pods Manifest.lock";
			outputPaths = (
			);
			runOnlyForDeploymentPostprocessing = 0;
			shellPath = /bin/sh;
			shellScript = "diff \"${PODS_ROOT}/../Podfile.lock\" \"${PODS_ROOT}/Manifest.lock\" > /dev/null\nif [[ $? != 0 ]] ; then\n    cat << EOM\nerror: The sandbox is not in sync with the Podfile.lock. Run 'pod install' or update your CocoaPods installation.\nEOM\n    exit 1\nfi\n";
			showEnvVarsInLog = 0;
		};
		9EF397FB2646F801E2EDC06A /* Embed Pods Frameworks */ = {
			isa = PBXShellScriptBuildPhase;
			buildActionMask = 2147483647;
			files = (
			);
			inputPaths = (
			);
			name = "Embed Pods Frameworks";
			outputPaths = (
			);
			runOnlyForDeploymentPostprocessing = 0;
			shellPath = /bin/sh;
			shellScript = "\"${SRCROOT}/Pods/Target Support Files/Pods-cocoaPods/Pods-cocoaPods-frameworks.sh\"\n";
			showEnvVarsInLog = 0;
		};
/* End PBXShellScriptBuildPhase section */

/* Begin PBXSourcesBuildPhase section */
		821A6A821BCBEFA800B3A2AA /* Sources */ = {
			isa = PBXSourcesBuildPhase;
			buildActionMask = 2147483647;
			files = (
				821A6A8C1BCBEFA800B3A2AA /* ViewController.swift in Sources */,
				821A6A8A1BCBEFA800B3A2AA /* AppDelegate.swift in Sources */,
			);
			runOnlyForDeploymentPostprocessing = 0;
		};
/* End PBXSourcesBuildPhase section */

/* Begin PBXVariantGroup section */
		821A6A8D1BCBEFA800B3A2AA /* Main.storyboard */ = {
			isa = PBXVariantGroup;
			children = (
				821A6A8E1BCBEFA800B3A2AA /* Base */,
			);
			name = Main.storyboard;
			sourceTree = "<group>";
		};
		821A6A921BCBEFA800B3A2AA /* LaunchScreen.storyboard */ = {
			isa = PBXVariantGroup;
			children = (
				821A6A931BCBEFA800B3A2AA /* Base */,
			);
			name = LaunchScreen.storyboard;
			sourceTree = "<group>";
		};
/* End PBXVariantGroup section */

/* Begin XCBuildConfiguration section */
		821A6A961BCBEFA800B3A2AA /* Debug */ = {
			isa = XCBuildConfiguration;
			buildSettings = {
				ALWAYS_SEARCH_USER_PATHS = NO;
				CLANG_CXX_LANGUAGE_STANDARD = "gnu++0x";
				CLANG_CXX_LIBRARY = "libc++";
				CLANG_ENABLE_MODULES = YES;
				CLANG_ENABLE_OBJC_ARC = YES;
				CLANG_WARN_BOOL_CONVERSION = YES;
				CLANG_WARN_CONSTANT_CONVERSION = YES;
				CLANG_WARN_DIRECT_OBJC_ISA_USAGE = YES_ERROR;
				CLANG_WARN_EMPTY_BODY = YES;
				CLANG_WARN_ENUM_CONVERSION = YES;
				CLANG_WARN_INT_CONVERSION = YES;
				CLANG_WARN_OBJC_ROOT_CLASS = YES_ERROR;
				CLANG_WARN_UNREACHABLE_CODE = YES;
				CLANG_WARN__DUPLICATE_METHOD_MATCH = YES;
				"CODE_SIGN_IDENTITY[sdk=iphoneos*]" = "iPhone Developer";
				COPY_PHASE_STRIP = NO;
				DEBUG_INFORMATION_FORMAT = dwarf;
				ENABLE_STRICT_OBJC_MSGSEND = YES;
				ENABLE_TESTABILITY = YES;
				GCC_C_LANGUAGE_STANDARD = gnu99;
				GCC_DYNAMIC_NO_PIC = NO;
				GCC_NO_COMMON_BLOCKS = YES;
				GCC_OPTIMIZATION_LEVEL = 0;
				GCC_PREPROCESSOR_DEFINITIONS = (
					"DEBUG=1",
					"$(inherited)",
				);
				GCC_WARN_64_TO_32_BIT_CONVERSION = YES;
				GCC_WARN_ABOUT_RETURN_TYPE = YES_ERROR;
				GCC_WARN_UNDECLARED_SELECTOR = YES;
				GCC_WARN_UNINITIALIZED_AUTOS = YES_AGGRESSIVE;
				GCC_WARN_UNUSED_FUNCTION = YES;
				GCC_WARN_UNUSED_VARIABLE = YES;
				IPHONEOS_DEPLOYMENT_TARGET = 9.0;
				MTL_ENABLE_DEBUG_INFO = YES;
				ONLY_ACTIVE_ARCH = YES;
				SDKROOT = iphoneos;
				SWIFT_OPTIMIZATION_LEVEL = "-Onone";
			};
			name = Debug;
		};
		821A6A971BCBEFA800B3A2AA /* Release */ = {
			isa = XCBuildConfiguration;
			buildSettings = {
				ALWAYS_SEARCH_USER_PATHS = NO;
				CLANG_CXX_LANGUAGE_STANDARD = "gnu++0x";
				CLANG_CXX_LIBRARY = "libc++";
				CLANG_ENABLE_MODULES = YES;
				CLANG_ENABLE_OBJC_ARC = YES;
				CLANG_WARN_BOOL_CONVERSION = YES;
				CLANG_WARN_CONSTANT_CONVERSION = YES;
				CLANG_WARN_DIRECT_OBJC_ISA_USAGE = YES_ERROR;
				CLANG_WARN_EMPTY_BODY = YES;
				CLANG_WARN_ENUM_CONVERSION = YES;
				CLANG_WARN_INT_CONVERSION = YES;
				CLANG_WARN_OBJC_ROOT_CLASS = YES_ERROR;
				CLANG_WARN_UNREACHABLE_CODE = YES;
				CLANG_WARN__DUPLICATE_METHOD_MATCH = YES;
				"CODE_SIGN_IDENTITY[sdk=iphoneos*]" = "iPhone Developer";
				COPY_PHASE_STRIP = NO;
				DEBUG_INFORMATION_FORMAT = "dwarf-with-dsym";
				ENABLE_NS_ASSERTIONS = NO;
				ENABLE_STRICT_OBJC_MSGSEND = YES;
				GCC_C_LANGUAGE_STANDARD = gnu99;
				GCC_NO_COMMON_BLOCKS = YES;
				GCC_WARN_64_TO_32_BIT_CONVERSION = YES;
				GCC_WARN_ABOUT_RETURN_TYPE = YES_ERROR;
				GCC_WARN_UNDECLARED_SELECTOR = YES;
				GCC_WARN_UNINITIALIZED_AUTOS = YES_AGGRESSIVE;
				GCC_WARN_UNUSED_FUNCTION = YES;
				GCC_WARN_UNUSED_VARIABLE = YES;
				IPHONEOS_DEPLOYMENT_TARGET = 9.0;
				MTL_ENABLE_DEBUG_INFO = NO;
				SDKROOT = iphoneos;
				VALIDATE_PRODUCT = YES;
			};
			name = Release;
		};
		821A6A991BCBEFA800B3A2AA /* Debug */ = {
			isa = XCBuildConfiguration;
			baseConfigurationReference = 35E97DF2A6B38168F8255A6B /* Pods-cocoaPods.debug.xcconfig */;
			buildSettings = {
				ASSETCATALOG_COMPILER_APPICON_NAME = AppIcon;
				INFOPLIST_FILE = cocoaPods/Info.plist;
				LD_RUNPATH_SEARCH_PATHS = "$(inherited) @executable_path/Frameworks";
				PRODUCT_BUNDLE_IDENTIFIER = com.sk.cocoaPods;
				PRODUCT_NAME = "$(TARGET_NAME)";
			};
			name = Debug;
		};
		821A6A9A1BCBEFA800B3A2AA /* Release */ = {
			isa = XCBuildConfiguration;
			baseConfigurationReference = FEE38CA7F55241669F4A1326 /* Pods-cocoaPods.release.xcconfig */;
			buildSettings = {
				ASSETCATALOG_COMPILER_APPICON_NAME = AppIcon;
				INFOPLIST_FILE = cocoaPods/Info.plist;
				LD_RUNPATH_SEARCH_PATHS = "$(inherited) @executable_path/Frameworks";
				PRODUCT_BUNDLE_IDENTIFIER = com.sk.cocoaPods;
				PRODUCT_NAME = "$(TARGET_NAME)";
			};
			name = Release;
		};
/* End XCBuildConfiguration section */

/* Begin XCConfigurationList section */
		821A6A811BCBEFA800B3A2AA /* Build configuration list for PBXProject "cocoaPods" */ = {
			isa = XCConfigurationList;
			buildConfigurations = (
				821A6A961BCBEFA800B3A2AA /* Debug */,
				821A6A971BCBEFA800B3A2AA /* Release */,
			);
			defaultConfigurationIsVisible = 0;
			defaultConfigurationName = Release;
		};
		821A6A981BCBEFA800B3A2AA /* Build configuration list for PBXNativeTarget "cocoaPods" */ = {
			isa = XCConfigurationList;
			buildConfigurations = (
				821A6A991BCBEFA800B3A2AA /* Debug */,
				821A6A9A1BCBEFA800B3A2AA /* Release */,
			);
			defaultConfigurationIsVisible = 0;
			defaultConfigurationName = Release;
		};
/* End XCConfigurationList section */
	};
	rootObject = 821A6A7E1BCBEFA800B3A2AA /* Project object */;
}
