// !$*UTF8*$!
{
	archiveVersion = 1;
	classes = {
	};
	objectVersion = 46;
	objects = {

/* Begin PBXBuildFile section */
		82DE16D41BDFAFAE00302E06 /* AppDelegate.swift in Sources */ = {isa = PBXBuildFile; fileRef = 82DE16D31BDFAFAE00302E06 /* AppDelegate.swift */; };
		82DE16D61BDFAFAE00302E06 /* ViewController.swift in Sources */ = {isa = PBXBuildFile; fileRef = 82DE16D51BDFAFAE00302E06 /* ViewController.swift */; };
		82DE16D91BDFAFAE00302E06 /* Main.storyboard in Resources */ = {isa = PBXBuildFile; fileRef = 82DE16D71BDFAFAE00302E06 /* Main.storyboard */; };
		82DE16DB1BDFAFAE00302E06 /* Assets.xcassets in Resources */ = {isa = PBXBuildFile; fileRef = 82DE16DA1BDFAFAE00302E06 /* Assets.xcassets */; };
		82DE16DE1BDFAFAE00302E06 /* LaunchScreen.storyboard in Resources */ = {isa = PBXBuildFile; fileRef = 82DE16DC1BDFAFAE00302E06 /* LaunchScreen.storyboard */; };
		82DE17091BDFBD5A00302E06 /* userStoryboard.storyboard in Resources */ = {isa = PBXBuildFile; fileRef = 82DE17081BDFBD5A00302E06 /* userStoryboard.storyboard */; settings = {ASSET_TAGS = (); }; };
/* End PBXBuildFile section */

/* Begin PBXFileReference section */
		82DE16D01BDFAFAE00302E06 /* BOOMER.app */ = {isa = PBXFileReference; explicitFileType = wrapper.application; includeInIndex = 0; path = BOOMER.app; sourceTree = BUILT_PRODUCTS_DIR; };
		82DE16D31BDFAFAE00302E06 /* AppDelegate.swift */ = {isa = PBXFileReference; lastKnownFileType = sourcecode.swift; path = AppDelegate.swift; sourceTree = "<group>"; };
		82DE16D51BDFAFAE00302E06 /* ViewController.swift */ = {isa = PBXFileReference; lastKnownFileType = sourcecode.swift; path = ViewController.swift; sourceTree = "<group>"; };
		82DE16D81BDFAFAE00302E06 /* Base */ = {isa = PBXFileReference; lastKnownFileType = file.storyboard; name = Base; path = Base.lproj/Main.storyboard; sourceTree = "<group>"; };
		82DE16DA1BDFAFAE00302E06 /* Assets.xcassets */ = {isa = PBXFileReference; lastKnownFileType = folder.assetcatalog; path = Assets.xcassets; sourceTree = "<group>"; };
		82DE16DD1BDFAFAE00302E06 /* Base */ = {isa = PBXFileReference; lastKnownFileType = file.storyboard; name = Base; path = Base.lproj/LaunchScreen.storyboard; sourceTree = "<group>"; };
		82DE16DF1BDFAFAE00302E06 /* Info.plist */ = {isa = PBXFileReference; lastKnownFileType = text.plist.xml; path = Info.plist; sourceTree = "<group>"; };
		82DE17081BDFBD5A00302E06 /* userStoryboard.storyboard */ = {isa = PBXFileReference; fileEncoding = 4; lastKnownFileType = file.storyboard; path = userStoryboard.storyboard; sourceTree = "<group>"; };
/* End PBXFileReference section */

/* Begin PBXFrameworksBuildPhase section */
		82DE16CD1BDFAFAE00302E06 /* Frameworks */ = {
			isa = PBXFrameworksBuildPhase;
			buildActionMask = 2147483647;
			files = (
			);
			runOnlyForDeploymentPostprocessing = 0;
		};
/* End PBXFrameworksBuildPhase section */

/* Begin PBXGroup section */
		82DE16C71BDFAFAD00302E06 = {
			isa = PBXGroup;
			children = (
				82DE16D21BDFAFAE00302E06 /* BOOMER */,
				82DE16D11BDFAFAE00302E06 /* Products */,
			);
			sourceTree = "<group>";
		};
		82DE16D11BDFAFAE00302E06 /* Products */ = {
			isa = PBXGroup;
			children = (
				82DE16D01BDFAFAE00302E06 /* BOOMER.app */,
			);
			name = Products;
			sourceTree = "<group>";
		};
		82DE16D21BDFAFAE00302E06 /* BOOMER */ = {
			isa = PBXGroup;
			children = (
				82DE16D31BDFAFAE00302E06 /* AppDelegate.swift */,
				82DE16D51BDFAFAE00302E06 /* ViewController.swift */,
				82DE16D71BDFAFAE00302E06 /* Main.storyboard */,
				82DE16DA1BDFAFAE00302E06 /* Assets.xcassets */,
				82DE16DC1BDFAFAE00302E06 /* LaunchScreen.storyboard */,
				82DE16DF1BDFAFAE00302E06 /* Info.plist */,
				82DE17081BDFBD5A00302E06 /* userStoryboard.storyboard */,
			);
			path = BOOMER;
			sourceTree = "<group>";
		};
/* End PBXGroup section */

/* Begin PBXNativeTarget section */
		82DE16CF1BDFAFAE00302E06 /* BOOMER */ = {
			isa = PBXNativeTarget;
			buildConfigurationList = 82DE16E21BDFAFAE00302E06 /* Build configuration list for PBXNativeTarget "BOOMER" */;
			buildPhases = (
				82DE16CC1BDFAFAE00302E06 /* Sources */,
				82DE16CD1BDFAFAE00302E06 /* Frameworks */,
				82DE16CE1BDFAFAE00302E06 /* Resources */,
			);
			buildRules = (
			);
			dependencies = (
			);
			name = BOOMER;
			productName = BOOMER;
			productReference = 82DE16D01BDFAFAE00302E06 /* BOOMER.app */;
			productType = "com.apple.product-type.application";
		};
/* End PBXNativeTarget section */

/* Begin PBXProject section */
		82DE16C81BDFAFAD00302E06 /* Project object */ = {
			isa = PBXProject;
			attributes = {
				LastUpgradeCheck = 0700;
				ORGANIZATIONNAME = "Susanne Kasahara";
				TargetAttributes = {
					82DE16CF1BDFAFAE00302E06 = {
						CreatedOnToolsVersion = 7.0;
						DevelopmentTeam = B547GELX38;
					};
				};
			};
			buildConfigurationList = 82DE16CB1BDFAFAD00302E06 /* Build configuration list for PBXProject "BOOMER" */;
			compatibilityVersion = "Xcode 3.2";
			developmentRegion = English;
			hasScannedForEncodings = 0;
			knownRegions = (
				en,
				Base,
			);
			mainGroup = 82DE16C71BDFAFAD00302E06;
			productRefGroup = 82DE16D11BDFAFAE00302E06 /* Products */;
			projectDirPath = "";
			projectRoot = "";
			targets = (
				82DE16CF1BDFAFAE00302E06 /* BOOMER */,
			);
		};
/* End PBXProject section */

/* Begin PBXResourcesBuildPhase section */
		82DE16CE1BDFAFAE00302E06 /* Resources */ = {
			isa = PBXResourcesBuildPhase;
			buildActionMask = 2147483647;
			files = (
				82DE17091BDFBD5A00302E06 /* userStoryboard.storyboard in Resources */,
				82DE16DE1BDFAFAE00302E06 /* LaunchScreen.storyboard in Resources */,
				82DE16DB1BDFAFAE00302E06 /* Assets.xcassets in Resources */,
				82DE16D91BDFAFAE00302E06 /* Main.storyboard in Resources */,
			);
			runOnlyForDeploymentPostprocessing = 0;
		};
/* End PBXResourcesBuildPhase section */

/* Begin PBXSourcesBuildPhase section */
		82DE16CC1BDFAFAE00302E06 /* Sources */ = {
			isa = PBXSourcesBuildPhase;
			buildActionMask = 2147483647;
			files = (
				82DE16D61BDFAFAE00302E06 /* ViewController.swift in Sources */,
				82DE16D41BDFAFAE00302E06 /* AppDelegate.swift in Sources */,
			);
			runOnlyForDeploymentPostprocessing = 0;
		};
/* End PBXSourcesBuildPhase section */

/* Begin PBXVariantGroup section */
		82DE16D71BDFAFAE00302E06 /* Main.storyboard */ = {
			isa = PBXVariantGroup;
			children = (
				82DE16D81BDFAFAE00302E06 /* Base */,
			);
			name = Main.storyboard;
			sourceTree = "<group>";
		};
		82DE16DC1BDFAFAE00302E06 /* LaunchScreen.storyboard */ = {
			isa = PBXVariantGroup;
			children = (
				82DE16DD1BDFAFAE00302E06 /* Base */,
			);
			name = LaunchScreen.storyboard;
			sourceTree = "<group>";
		};
/* End PBXVariantGroup section */

/* Begin XCBuildConfiguration section */
		82DE16E01BDFAFAE00302E06 /* Debug */ = {
			isa = XCBuildConfiguration;
			buildSettings = {
				ALWAYS_SEARCH_USER_PATHS = NO;
				CLANG_CXX_LANGUAGE_STANDARD = "gnu++0x";
				CLANG_CXX_LIBRARY = "libc++";
				CLANG_ENABLE_MODULES = YES;
				CLANG_ENABLE_OBJC_ARC = YES;
				CLANG_WARN_BOOL_CONVERSION = YES;
				CLANG_WARN_CONSTANT_CONVERSION = YES;
				CLANG_WARN_DIRECT_OBJC_ISA_USAGE = YES_ERROR;
				CLANG_WARN_EMPTY_BODY = YES;
				CLANG_WARN_ENUM_CONVERSION = YES;
				CLANG_WARN_INT_CONVERSION = YES;
				CLANG_WARN_OBJC_ROOT_CLASS = YES_ERROR;
				CLANG_WARN_UNREACHABLE_CODE = YES;
				CLANG_WARN__DUPLICATE_METHOD_MATCH = YES;
				"CODE_SIGN_IDENTITY[sdk=iphoneos*]" = "iPhone Developer";
				COPY_PHASE_STRIP = NO;
				DEBUG_INFORMATION_FORMAT = dwarf;
				ENABLE_STRICT_OBJC_MSGSEND = YES;
				ENABLE_TESTABILITY = YES;
				GCC_C_LANGUAGE_STANDARD = gnu99;
				GCC_DYNAMIC_NO_PIC = NO;
				GCC_NO_COMMON_BLOCKS = YES;
				GCC_OPTIMIZATION_LEVEL = 0;
				GCC_PREPROCESSOR_DEFINITIONS = (
					"DEBUG=1",
					"$(inherited)",
				);
				GCC_WARN_64_TO_32_BIT_CONVERSION = YES;
				GCC_WARN_ABOUT_RETURN_TYPE = YES_ERROR;
				GCC_WARN_UNDECLARED_SELECTOR = YES;
				GCC_WARN_UNINITIALIZED_AUTOS = YES_AGGRESSIVE;
				GCC_WARN_UNUSED_FUNCTION = YES;
				GCC_WARN_UNUSED_VARIABLE = YES;
				IPHONEOS_DEPLOYMENT_TARGET = 9.0;
				MTL_ENABLE_DEBUG_INFO = YES;
				ONLY_ACTIVE_ARCH = YES;
				SDKROOT = iphoneos;
				SWIFT_OPTIMIZATION_LEVEL = "-Onone";
			};
			name = Debug;
		};
		82DE16E11BDFAFAE00302E06 /* Release */ = {
			isa = XCBuildConfiguration;
			buildSettings = {
				ALWAYS_SEARCH_USER_PATHS = NO;
				CLANG_CXX_LANGUAGE_STANDARD = "gnu++0x";
				CLANG_CXX_LIBRARY = "libc++";
				CLANG_ENABLE_MODULES = YES;
				CLANG_ENABLE_OBJC_ARC = YES;
				CLANG_WARN_BOOL_CONVERSION = YES;
				CLANG_WARN_CONSTANT_CONVERSION = YES;
				CLANG_WARN_DIRECT_OBJC_ISA_USAGE = YES_ERROR;
				CLANG_WARN_EMPTY_BODY = YES;
				CLANG_WARN_ENUM_CONVERSION = YES;
				CLANG_WARN_INT_CONVERSION = YES;
				CLANG_WARN_OBJC_ROOT_CLASS = YES_ERROR;
				CLANG_WARN_UNREACHABLE_CODE = YES;
				CLANG_WARN__DUPLICATE_METHOD_MATCH = YES;
				"CODE_SIGN_IDENTITY[sdk=iphoneos*]" = "iPhone Developer";
				COPY_PHASE_STRIP = NO;
				DEBUG_INFORMATION_FORMAT = "dwarf-with-dsym";
				ENABLE_NS_ASSERTIONS = NO;
				ENABLE_STRICT_OBJC_MSGSEND = YES;
				GCC_C_LANGUAGE_STANDARD = gnu99;
				GCC_NO_COMMON_BLOCKS = YES;
				GCC_WARN_64_TO_32_BIT_CONVERSION = YES;
				GCC_WARN_ABOUT_RETURN_TYPE = YES_ERROR;
				GCC_WARN_UNDECLARED_SELECTOR = YES;
				GCC_WARN_UNINITIALIZED_AUTOS = YES_AGGRESSIVE;
				GCC_WARN_UNUSED_FUNCTION = YES;
				GCC_WARN_UNUSED_VARIABLE = YES;
				IPHONEOS_DEPLOYMENT_TARGET = 9.0;
				MTL_ENABLE_DEBUG_INFO = NO;
				SDKROOT = iphoneos;
				VALIDATE_PRODUCT = YES;
			};
			name = Release;
		};
		82DE16E31BDFAFAE00302E06 /* Debug */ = {
			isa = XCBuildConfiguration;
			buildSettings = {
				ASSETCATALOG_COMPILER_APPICON_NAME = AppIcon;
				INFOPLIST_FILE = BOOMER/Info.plist;
				LD_RUNPATH_SEARCH_PATHS = "$(inherited) @executable_path/Frameworks";
				PRODUCT_BUNDLE_IDENTIFIER = com.sk.BOOMER;
				PRODUCT_NAME = "$(TARGET_NAME)";
			};
			name = Debug;
		};
		82DE16E41BDFAFAE00302E06 /* Release */ = {
			isa = XCBuildConfiguration;
			buildSettings = {
				ASSETCATALOG_COMPILER_APPICON_NAME = AppIcon;
				INFOPLIST_FILE = BOOMER/Info.plist;
				LD_RUNPATH_SEARCH_PATHS = "$(inherited) @executable_path/Frameworks";
				PRODUCT_BUNDLE_IDENTIFIER = com.sk.BOOMER;
				PRODUCT_NAME = "$(TARGET_NAME)";
			};
			name = Release;
		};
/* End XCBuildConfiguration section */

/* Begin XCConfigurationList section */
		82DE16CB1BDFAFAD00302E06 /* Build configuration list for PBXProject "BOOMER" */ = {
			isa = XCConfigurationList;
			buildConfigurations = (
				82DE16E01BDFAFAE00302E06 /* Debug */,
				82DE16E11BDFAFAE00302E06 /* Release */,
			);
			defaultConfigurationIsVisible = 0;
			defaultConfigurationName = Release;
		};
		82DE16E21BDFAFAE00302E06 /* Build configuration list for PBXNativeTarget "BOOMER" */ = {
			isa = XCConfigurationList;
			buildConfigurations = (
				82DE16E31BDFAFAE00302E06 /* Debug */,
				82DE16E41BDFAFAE00302E06 /* Release */,
			);
			defaultConfigurationIsVisible = 0;
		};
/* End XCConfigurationList section */
	};
	rootObject = 82DE16C81BDFAFAD00302E06 /* Project object */;
}
